// !$*UTF8*$!
{
	archiveVersion = 1;
	classes = {
	};
	objectVersion = 56;
	objects = {

/* Begin PBXBuildFile section */
		4F1BD6052B7D2D8100E67413 /* QuizDynamoxBrunoApp.swift in Sources */ = {isa = PBXBuildFile; fileRef = 4F1BD6042B7D2D8100E67413 /* QuizDynamoxBrunoApp.swift */; };
		4F1BD6072B7D2D8100E67413 /* ContentView.swift in Sources */ = {isa = PBXBuildFile; fileRef = 4F1BD6062B7D2D8100E67413 /* ContentView.swift */; };
		4F1BD6092B7D2D8200E67413 /* Assets.xcassets in Resources */ = {isa = PBXBuildFile; fileRef = 4F1BD6082B7D2D8200E67413 /* Assets.xcassets */; };
		4F1BD60D2B7D2D8200E67413 /* Preview Assets.xcassets in Resources */ = {isa = PBXBuildFile; fileRef = 4F1BD60C2B7D2D8200E67413 /* Preview Assets.xcassets */; };
		4F1BD61D2B7D598A00E67413 /* Extensions.swift in Sources */ = {isa = PBXBuildFile; fileRef = 4F1BD61C2B7D598A00E67413 /* Extensions.swift */; };
		4F1CA0832B801AA500CC43F2 /* Question.swift in Sources */ = {isa = PBXBuildFile; fileRef = 4F1CA0822B801AA500CC43F2 /* Question.swift */; };
		4F1CA0852B80200200CC43F2 /* APIManager.swift in Sources */ = {isa = PBXBuildFile; fileRef = 4F1CA0842B80200200CC43F2 /* APIManager.swift */; };
		4F1CA0872B80307600CC43F2 /* ResultView.swift in Sources */ = {isa = PBXBuildFile; fileRef = 4F1CA0862B80307600CC43F2 /* ResultView.swift */; };
		4F1CA0892B80315800CC43F2 /* QuizQuestionView.swift in Sources */ = {isa = PBXBuildFile; fileRef = 4F1CA0882B80315800CC43F2 /* QuizQuestionView.swift */; };
		4F1CA08C2B80491A00CC43F2 /* QuizViewModel.swift in Sources */ = {isa = PBXBuildFile; fileRef = 4F1CA08B2B80491900CC43F2 /* QuizViewModel.swift */; };
		4F1CA08E2B80498000CC43F2 /* QuestionView.swift in Sources */ = {isa = PBXBuildFile; fileRef = 4F1CA08D2B80498000CC43F2 /* QuestionView.swift */; };
/* End PBXBuildFile section */

/* Begin PBXFileReference section */
		4F1BD6012B7D2D8100E67413 /* QuizDynamoxBruno.app */ = {isa = PBXFileReference; explicitFileType = wrapper.application; includeInIndex = 0; path = QuizDynamoxBruno.app; sourceTree = BUILT_PRODUCTS_DIR; };
		4F1BD6042B7D2D8100E67413 /* QuizDynamoxBrunoApp.swift */ = {isa = PBXFileReference; lastKnownFileType = sourcecode.swift; path = QuizDynamoxBrunoApp.swift; sourceTree = "<group>"; };
		4F1BD6062B7D2D8100E67413 /* ContentView.swift */ = {isa = PBXFileReference; lastKnownFileType = sourcecode.swift; path = ContentView.swift; sourceTree = "<group>"; };
		4F1BD6082B7D2D8200E67413 /* Assets.xcassets */ = {isa = PBXFileReference; lastKnownFileType = folder.assetcatalog; path = Assets.xcassets; sourceTree = "<group>"; };
		4F1BD60A2B7D2D8200E67413 /* QuizDynamoxBruno.entitlements */ = {isa = PBXFileReference; lastKnownFileType = text.plist.entitlements; path = QuizDynamoxBruno.entitlements; sourceTree = "<group>"; };
		4F1BD60C2B7D2D8200E67413 /* Preview Assets.xcassets */ = {isa = PBXFileReference; lastKnownFileType = folder.assetcatalog; path = "Preview Assets.xcassets"; sourceTree = "<group>"; };
		4F1BD61C2B7D598A00E67413 /* Extensions.swift */ = {isa = PBXFileReference; lastKnownFileType = sourcecode.swift; path = Extensions.swift; sourceTree = "<group>"; };
		4F1CA0822B801AA500CC43F2 /* Question.swift */ = {isa = PBXFileReference; lastKnownFileType = sourcecode.swift; path = Question.swift; sourceTree = "<group>"; };
		4F1CA0842B80200200CC43F2 /* APIManager.swift */ = {isa = PBXFileReference; lastKnownFileType = sourcecode.swift; path = APIManager.swift; sourceTree = "<group>"; };
		4F1CA0862B80307600CC43F2 /* ResultView.swift */ = {isa = PBXFileReference; lastKnownFileType = sourcecode.swift; path = ResultView.swift; sourceTree = "<group>"; };
		4F1CA0882B80315800CC43F2 /* QuizQuestionView.swift */ = {isa = PBXFileReference; lastKnownFileType = sourcecode.swift; path = QuizQuestionView.swift; sourceTree = "<group>"; };
		4F1CA08B2B80491900CC43F2 /* QuizViewModel.swift */ = {isa = PBXFileReference; lastKnownFileType = sourcecode.swift; path = QuizViewModel.swift; sourceTree = "<group>"; };
		4F1CA08D2B80498000CC43F2 /* QuestionView.swift */ = {isa = PBXFileReference; lastKnownFileType = sourcecode.swift; path = QuestionView.swift; sourceTree = "<group>"; };
/* End PBXFileReference section */

/* Begin PBXFrameworksBuildPhase section */
		4F1BD5FE2B7D2D8100E67413 /* Frameworks */ = {
			isa = PBXFrameworksBuildPhase;
			buildActionMask = 2147483647;
			files = (
			);
			runOnlyForDeploymentPostprocessing = 0;
		};
/* End PBXFrameworksBuildPhase section */

/* Begin PBXGroup section */
		4F1BD5F82B7D2D8100E67413 = {
			isa = PBXGroup;
			children = (
				4F1BD6032B7D2D8100E67413 /* QuizDynamoxBruno */,
				4F1BD6022B7D2D8100E67413 /* Products */,
			);
			sourceTree = "<group>";
		};
		4F1BD6022B7D2D8100E67413 /* Products */ = {
			isa = PBXGroup;
			children = (
				4F1BD6012B7D2D8100E67413 /* QuizDynamoxBruno.app */,
			);
			name = Products;
			sourceTree = "<group>";
		};
		4F1BD6032B7D2D8100E67413 /* QuizDynamoxBruno */ = {
			isa = PBXGroup;
			children = (
				4F1BD6042B7D2D8100E67413 /* QuizDynamoxBrunoApp.swift */,
				4F1BD6222B7D816B00E67413 /* Model */,
				4F1CA08A2B8048D100CC43F2 /* ViewModel */,
				4F1BD6182B7D534C00E67413 /* View */,
				4F1BD61C2B7D598A00E67413 /* Extensions.swift */,
				4F1CA0842B80200200CC43F2 /* APIManager.swift */,
				4F1BD6082B7D2D8200E67413 /* Assets.xcassets */,
				4F1BD60A2B7D2D8200E67413 /* QuizDynamoxBruno.entitlements */,
				4F1BD60B2B7D2D8200E67413 /* Preview Content */,
			);
			path = QuizDynamoxBruno;
			sourceTree = "<group>";
		};
		4F1BD60B2B7D2D8200E67413 /* Preview Content */ = {
			isa = PBXGroup;
			children = (
				4F1BD60C2B7D2D8200E67413 /* Preview Assets.xcassets */,
			);
			path = "Preview Content";
			sourceTree = "<group>";
		};
		4F1BD6182B7D534C00E67413 /* View */ = {
			isa = PBXGroup;
			children = (
				4F1BD6062B7D2D8100E67413 /* ContentView.swift */,
				4F1CA0862B80307600CC43F2 /* ResultView.swift */,
				4F1CA0882B80315800CC43F2 /* QuizQuestionView.swift */,
				4F1CA08D2B80498000CC43F2 /* QuestionView.swift */,
			);
			path = View;
			sourceTree = "<group>";
		};
		4F1BD6222B7D816B00E67413 /* Model */ = {
			isa = PBXGroup;
			children = (
				4F1CA0822B801AA500CC43F2 /* Question.swift */,
			);
			path = Model;
			sourceTree = "<group>";
		};
		4F1CA08A2B8048D100CC43F2 /* ViewModel */ = {
			isa = PBXGroup;
			children = (
				4F1CA08B2B80491900CC43F2 /* QuizViewModel.swift */,
			);
			path = ViewModel;
			sourceTree = "<group>";
		};
/* End PBXGroup section */

/* Begin PBXNativeTarget section */
		4F1BD6002B7D2D8100E67413 /* QuizDynamoxBruno */ = {
			isa = PBXNativeTarget;
			buildConfigurationList = 4F1BD6102B7D2D8200E67413 /* Build configuration list for PBXNativeTarget "QuizDynamoxBruno" */;
			buildPhases = (
				4F1BD5FD2B7D2D8100E67413 /* Sources */,
				4F1BD5FE2B7D2D8100E67413 /* Frameworks */,
				4F1BD5FF2B7D2D8100E67413 /* Resources */,
			);
			buildRules = (
			);
			dependencies = (
			);
			name = QuizDynamoxBruno;
			productName = QuizDynamoxBruno;
			productReference = 4F1BD6012B7D2D8100E67413 /* QuizDynamoxBruno.app */;
			productType = "com.apple.product-type.application";
		};
/* End PBXNativeTarget section */

/* Begin PBXProject section */
		4F1BD5F92B7D2D8100E67413 /* Project object */ = {
			isa = PBXProject;
			attributes = {
				BuildIndependentTargetsInParallel = 1;
				LastSwiftUpdateCheck = 1520;
				LastUpgradeCheck = 1520;
				TargetAttributes = {
					4F1BD6002B7D2D8100E67413 = {
						CreatedOnToolsVersion = 15.2;
					};
				};
			};
			buildConfigurationList = 4F1BD5FC2B7D2D8100E67413 /* Build configuration list for PBXProject "QuizDynamoxBruno" */;
			compatibilityVersion = "Xcode 14.0";
			developmentRegion = en;
			hasScannedForEncodings = 0;
			knownRegions = (
				en,
				Base,
			);
			mainGroup = 4F1BD5F82B7D2D8100E67413;
			productRefGroup = 4F1BD6022B7D2D8100E67413 /* Products */;
			projectDirPath = "";
			projectRoot = "";
			targets = (
				4F1BD6002B7D2D8100E67413 /* QuizDynamoxBruno */,
			);
		};
/* End PBXProject section */

/* Begin PBXResourcesBuildPhase section */
		4F1BD5FF2B7D2D8100E67413 /* Resources */ = {
			isa = PBXResourcesBuildPhase;
			buildActionMask = 2147483647;
			files = (
				4F1BD60D2B7D2D8200E67413 /* Preview Assets.xcassets in Resources */,
				4F1BD6092B7D2D8200E67413 /* Assets.xcassets in Resources */,
			);
			runOnlyForDeploymentPostprocessing = 0;
		};
/* End PBXResourcesBuildPhase section */

/* Begin PBXSourcesBuildPhase section */
		4F1BD5FD2B7D2D8100E67413 /* Sources */ = {
			isa = PBXSourcesBuildPhase;
			buildActionMask = 2147483647;
			files = (
				4F1BD6072B7D2D8100E67413 /* ContentView.swift in Sources */,
				4F1BD6052B7D2D8100E67413 /* QuizDynamoxBrunoApp.swift in Sources */,
				4F1CA0872B80307600CC43F2 /* ResultView.swift in Sources */,
				4F1CA0852B80200200CC43F2 /* APIManager.swift in Sources */,
				4F1CA0892B80315800CC43F2 /* QuizQuestionView.swift in Sources */,
				4F1CA08C2B80491A00CC43F2 /* QuizViewModel.swift in Sources */,
				4F1CA08E2B80498000CC43F2 /* QuestionView.swift in Sources */,
				4F1CA0832B801AA500CC43F2 /* Question.swift in Sources */,
				4F1BD61D2B7D598A00E67413 /* Extensions.swift in Sources */,
			);
			runOnlyForDeploymentPostprocessing = 0;
		};
/* End PBXSourcesBuildPhase section */

/* Begin XCBuildConfiguration section */
		4F1BD60E2B7D2D8200E67413 /* Debug */ = {
			isa = XCBuildConfiguration;
			buildSettings = {
				ALWAYS_SEARCH_USER_PATHS = NO;
				ASSETCATALOG_COMPILER_GENERATE_SWIFT_ASSET_SYMBOL_EXTENSIONS = YES;
				CLANG_ANALYZER_NONNULL = YES;
				CLANG_ANALYZER_NUMBER_OBJECT_CONVERSION = YES_AGGRESSIVE;
				CLANG_CXX_LANGUAGE_STANDARD = "gnu++20";
				CLANG_ENABLE_MODULES = YES;
				CLANG_ENABLE_OBJC_ARC = YES;
				CLANG_ENABLE_OBJC_WEAK = YES;
				CLANG_WARN_BLOCK_CAPTURE_AUTORELEASING = YES;
				CLANG_WARN_BOOL_CONVERSION = YES;
				CLANG_WARN_COMMA = YES;
				CLANG_WARN_CONSTANT_CONVERSION = YES;
				CLANG_WARN_DEPRECATED_OBJC_IMPLEMENTATIONS = YES;
				CLANG_WARN_DIRECT_OBJC_ISA_USAGE = YES_ERROR;
				CLANG_WARN_DOCUMENTATION_COMMENTS = YES;
				CLANG_WARN_EMPTY_BODY = YES;
				CLANG_WARN_ENUM_CONVERSION = YES;
				CLANG_WARN_INFINITE_RECURSION = YES;
				CLANG_WARN_INT_CONVERSION = YES;
				CLANG_WARN_NON_LITERAL_NULL_CONVERSION = YES;
				CLANG_WARN_OBJC_IMPLICIT_RETAIN_SELF = YES;
				CLANG_WARN_OBJC_LITERAL_CONVERSION = YES;
				CLANG_WARN_OBJC_ROOT_CLASS = YES_ERROR;
				CLANG_WARN_QUOTED_INCLUDE_IN_FRAMEWORK_HEADER = YES;
				CLANG_WARN_RANGE_LOOP_ANALYSIS = YES;
				CLANG_WARN_STRICT_PROTOTYPES = YES;
				CLANG_WARN_SUSPICIOUS_MOVE = YES;
				CLANG_WARN_UNGUARDED_AVAILABILITY = YES_AGGRESSIVE;
				CLANG_WARN_UNREACHABLE_CODE = YES;
				CLANG_WARN__DUPLICATE_METHOD_MATCH = YES;
				COPY_PHASE_STRIP = NO;
				DEBUG_INFORMATION_FORMAT = dwarf;
				ENABLE_STRICT_OBJC_MSGSEND = YES;
				ENABLE_TESTABILITY = YES;
				ENABLE_USER_SCRIPT_SANDBOXING = YES;
				GCC_C_LANGUAGE_STANDARD = gnu17;
				GCC_DYNAMIC_NO_PIC = NO;
				GCC_NO_COMMON_BLOCKS = YES;
				GCC_OPTIMIZATION_LEVEL = 0;
				GCC_PREPROCESSOR_DEFINITIONS = (
					"DEBUG=1",
					"$(inherited)",
				);
				GCC_WARN_64_TO_32_BIT_CONVERSION = YES;
				GCC_WARN_ABOUT_RETURN_TYPE = YES_ERROR;
				GCC_WARN_UNDECLARED_SELECTOR = YES;
				GCC_WARN_UNINITIALIZED_AUTOS = YES_AGGRESSIVE;
				GCC_WARN_UNUSED_FUNCTION = YES;
				GCC_WARN_UNUSED_VARIABLE = YES;
				LOCALIZATION_PREFERS_STRING_CATALOGS = YES;
				MTL_ENABLE_DEBUG_INFO = INCLUDE_SOURCE;
				MTL_FAST_MATH = YES;
				ONLY_ACTIVE_ARCH = YES;
				SWIFT_ACTIVE_COMPILATION_CONDITIONS = "DEBUG $(inherited)";
				SWIFT_OPTIMIZATION_LEVEL = "-Onone";
			};
			name = Debug;
		};
		4F1BD60F2B7D2D8200E67413 /* Release */ = {
			isa = XCBuildConfiguration;
			buildSettings = {
				ALWAYS_SEARCH_USER_PATHS = NO;
				ASSETCATALOG_COMPILER_GENERATE_SWIFT_ASSET_SYMBOL_EXTENSIONS = YES;
				CLANG_ANALYZER_NONNULL = YES;
				CLANG_ANALYZER_NUMBER_OBJECT_CONVERSION = YES_AGGRESSIVE;
				CLANG_CXX_LANGUAGE_STANDARD = "gnu++20";
				CLANG_ENABLE_MODULES = YES;
				CLANG_ENABLE_OBJC_ARC = YES;
				CLANG_ENABLE_OBJC_WEAK = YES;
				CLANG_WARN_BLOCK_CAPTURE_AUTORELEASING = YES;
				CLANG_WARN_BOOL_CONVERSION = YES;
				CLANG_WARN_COMMA = YES;
				CLANG_WARN_CONSTANT_CONVERSION = YES;
				CLANG_WARN_DEPRECATED_OBJC_IMPLEMENTATIONS = YES;
				CLANG_WARN_DIRECT_OBJC_ISA_USAGE = YES_ERROR;
				CLANG_WARN_DOCUMENTATION_COMMENTS = YES;
				CLANG_WARN_EMPTY_BODY = YES;
				CLANG_WARN_ENUM_CONVERSION = YES;
				CLANG_WARN_INFINITE_RECURSION = YES;
				CLANG_WARN_INT_CONVERSION = YES;
				CLANG_WARN_NON_LITERAL_NULL_CONVERSION = YES;
				CLANG_WARN_OBJC_IMPLICIT_RETAIN_SELF = YES;
				CLANG_WARN_OBJC_LITERAL_CONVERSION = YES;
				CLANG_WARN_OBJC_ROOT_CLASS = YES_ERROR;
				CLANG_WARN_QUOTED_INCLUDE_IN_FRAMEWORK_HEADER = YES;
				CLANG_WARN_RANGE_LOOP_ANALYSIS = YES;
				CLANG_WARN_STRICT_PROTOTYPES = YES;
				CLANG_WARN_SUSPICIOUS_MOVE = YES;
				CLANG_WARN_UNGUARDED_AVAILABILITY = YES_AGGRESSIVE;
				CLANG_WARN_UNREACHABLE_CODE = YES;
				CLANG_WARN__DUPLICATE_METHOD_MATCH = YES;
				COPY_PHASE_STRIP = NO;
				DEBUG_INFORMATION_FORMAT = "dwarf-with-dsym";
				ENABLE_NS_ASSERTIONS = NO;
				ENABLE_STRICT_OBJC_MSGSEND = YES;
				ENABLE_USER_SCRIPT_SANDBOXING = YES;
				GCC_C_LANGUAGE_STANDARD = gnu17;
				GCC_NO_COMMON_BLOCKS = YES;
				GCC_WARN_64_TO_32_BIT_CONVERSION = YES;
				GCC_WARN_ABOUT_RETURN_TYPE = YES_ERROR;
				GCC_WARN_UNDECLARED_SELECTOR = YES;
				GCC_WARN_UNINITIALIZED_AUTOS = YES_AGGRESSIVE;
				GCC_WARN_UNUSED_FUNCTION = YES;
				GCC_WARN_UNUSED_VARIABLE = YES;
				LOCALIZATION_PREFERS_STRING_CATALOGS = YES;
				MTL_ENABLE_DEBUG_INFO = NO;
				MTL_FAST_MATH = YES;
				SWIFT_COMPILATION_MODE = wholemodule;
			};
			name = Release;
		};
		4F1BD6112B7D2D8200E67413 /* Debug */ = {
			isa = XCBuildConfiguration;
			buildSettings = {
				ASSETCATALOG_COMPILER_APPICON_NAME = AppIcon;
				ASSETCATALOG_COMPILER_GLOBAL_ACCENT_COLOR_NAME = AccentColor;
				CODE_SIGN_ENTITLEMENTS = QuizDynamoxBruno/QuizDynamoxBruno.entitlements;
				CODE_SIGN_STYLE = Automatic;
				CURRENT_PROJECT_VERSION = 1;
				DEVELOPMENT_ASSET_PATHS = "\"QuizDynamoxBruno/Preview Content\"";
				DEVELOPMENT_TEAM = YP9Q3ST2DG;
				ENABLE_PREVIEWS = YES;
				GENERATE_INFOPLIST_FILE = YES;
				INFOPLIST_KEY_CFBundleDisplayName = DynaQuiz;
				"INFOPLIST_KEY_UIApplicationSceneManifest_Generation[sdk=iphoneos*]" = YES;
				"INFOPLIST_KEY_UIApplicationSceneManifest_Generation[sdk=iphonesimulator*]" = YES;
				"INFOPLIST_KEY_UIApplicationSupportsIndirectInputEvents[sdk=iphoneos*]" = YES;
				"INFOPLIST_KEY_UIApplicationSupportsIndirectInputEvents[sdk=iphonesimulator*]" = YES;
				"INFOPLIST_KEY_UILaunchScreen_Generation[sdk=iphoneos*]" = YES;
				"INFOPLIST_KEY_UILaunchScreen_Generation[sdk=iphonesimulator*]" = YES;
				"INFOPLIST_KEY_UIStatusBarStyle[sdk=iphoneos*]" = UIStatusBarStyleDefault;
				"INFOPLIST_KEY_UIStatusBarStyle[sdk=iphonesimulator*]" = UIStatusBarStyleDefault;
				INFOPLIST_KEY_UISupportedInterfaceOrientations_iPad = "UIInterfaceOrientationPortrait UIInterfaceOrientationPortraitUpsideDown UIInterfaceOrientationLandscapeLeft UIInterfaceOrientationLandscapeRight";
				INFOPLIST_KEY_UISupportedInterfaceOrientations_iPhone = "UIInterfaceOrientationPortrait UIInterfaceOrientationLandscapeLeft UIInterfaceOrientationLandscapeRight";
				IPHONEOS_DEPLOYMENT_TARGET = 17.2;
				LD_RUNPATH_SEARCH_PATHS = "@executable_path/Frameworks";
				"LD_RUNPATH_SEARCH_PATHS[sdk=macosx*]" = "@executable_path/../Frameworks";
				MACOSX_DEPLOYMENT_TARGET = 14.2;
				MARKETING_VERSION = 1.0;
				PRODUCT_BUNDLE_IDENTIFIER = com.brunance.QuizDynamoxBruno;
				PRODUCT_NAME = "$(TARGET_NAME)";
				SDKROOT = auto;
				SUPPORTED_PLATFORMS = "iphoneos iphonesimulator macosx";
				SWIFT_EMIT_LOC_STRINGS = YES;
				SWIFT_VERSION = 5.0;
				TARGETED_DEVICE_FAMILY = "1,2";
			};
			name = Debug;
		};
		4F1BD6122B7D2D8200E67413 /* Release */ = {
			isa = XCBuildConfiguration;
			buildSettings = {
				ASSETCATALOG_COMPILER_APPICON_NAME = AppIcon;
				ASSETCATALOG_COMPILER_GLOBAL_ACCENT_COLOR_NAME = AccentColor;
				CODE_SIGN_ENTITLEMENTS = QuizDynamoxBruno/QuizDynamoxBruno.entitlements;
				CODE_SIGN_STYLE = Automatic;
				CURRENT_PROJECT_VERSION = 1;
				DEVELOPMENT_ASSET_PATHS = "\"QuizDynamoxBruno/Preview Content\"";
				DEVELOPMENT_TEAM = YP9Q3ST2DG;
				ENABLE_PREVIEWS = YES;
				GENERATE_INFOPLIST_FILE = YES;
				INFOPLIST_KEY_CFBundleDisplayName = DynaQuiz;
				"INFOPLIST_KEY_UIApplicationSceneManifest_Generation[sdk=iphoneos*]" = YES;
				"INFOPLIST_KEY_UIApplicationSceneManifest_Generation[sdk=iphonesimulator*]" = YES;
				"INFOPLIST_KEY_UIApplicationSupportsIndirectInputEvents[sdk=iphoneos*]" = YES;
				"INFOPLIST_KEY_UIApplicationSupportsIndirectInputEvents[sdk=iphonesimulator*]" = YES;
				"INFOPLIST_KEY_UILaunchScreen_Generation[sdk=iphoneos*]" = YES;
				"INFOPLIST_KEY_UILaunchScreen_Generation[sdk=iphonesimulator*]" = YES;
				"INFOPLIST_KEY_UIStatusBarStyle[sdk=iphoneos*]" = UIStatusBarStyleDefault;
				"INFOPLIST_KEY_UIStatusBarStyle[sdk=iphonesimulator*]" = UIStatusBarStyleDefault;
				INFOPLIST_KEY_UISupportedInterfaceOrientations_iPad = "UIInterfaceOrientationPortrait UIInterfaceOrientationPortraitUpsideDown UIInterfaceOrientationLandscapeLeft UIInterfaceOrientationLandscapeRight";
				INFOPLIST_KEY_UISupportedInterfaceOrientations_iPhone = "UIInterfaceOrientationPortrait UIInterfaceOrientationLandscapeLeft UIInterfaceOrientationLandscapeRight";
				IPHONEOS_DEPLOYMENT_TARGET = 17.2;
				LD_RUNPATH_SEARCH_PATHS = "@executable_path/Frameworks";
				"LD_RUNPATH_SEARCH_PATHS[sdk=macosx*]" = "@executable_path/../Frameworks";
				MACOSX_DEPLOYMENT_TARGET = 14.2;
				MARKETING_VERSION = 1.0;
				PRODUCT_BUNDLE_IDENTIFIER = com.brunance.QuizDynamoxBruno;
				PRODUCT_NAME = "$(TARGET_NAME)";
				SDKROOT = auto;
				SUPPORTED_PLATFORMS = "iphoneos iphonesimulator macosx";
				SWIFT_EMIT_LOC_STRINGS = YES;
				SWIFT_VERSION = 5.0;
				TARGETED_DEVICE_FAMILY = "1,2";
			};
			name = Release;
		};
/* End XCBuildConfiguration section */

/* Begin XCConfigurationList section */
		4F1BD5FC2B7D2D8100E67413 /* Build configuration list for PBXProject "QuizDynamoxBruno" */ = {
			isa = XCConfigurationList;
			buildConfigurations = (
				4F1BD60E2B7D2D8200E67413 /* Debug */,
				4F1BD60F2B7D2D8200E67413 /* Release */,
			);
			defaultConfigurationIsVisible = 0;
			defaultConfigurationName = Release;
		};
		4F1BD6102B7D2D8200E67413 /* Build configuration list for PBXNativeTarget "QuizDynamoxBruno" */ = {
			isa = XCConfigurationList;
			buildConfigurations = (
				4F1BD6112B7D2D8200E67413 /* Debug */,
				4F1BD6122B7D2D8200E67413 /* Release */,
			);
			defaultConfigurationIsVisible = 0;
			defaultConfigurationName = Release;
		};
/* End XCConfigurationList section */
	};
	rootObject = 4F1BD5F92B7D2D8100E67413 /* Project object */;
}
